
Microsoft Visual Studio Solution File, Format Version 12.00
# Visual Studio Version 16
VisualStudioVersion = 16.0.30114.105
MinimumVisualStudioVersion = 10.0.40219.1
Project("{FAE04EC0-301F-11D3-BF4B-00C04F79EFBC}") = "1_Problem", "1_Problem\1_Problem.csproj", "{E6E9EED5-B6CD-4654-A53B-38C4A6412AF8}"
EndProject
Project("{FAE04EC0-301F-11D3-BF4B-00C04F79EFBC}") = "2_Problem", "2_Problem\2_Problem.csproj", "{09EAFA9A-7E1A-4B51-A5B2-849EE341E4B7}"
EndProject
Project("{FAE04EC0-301F-11D3-BF4B-00C04F79EFBC}") = "3_Problem", "3_Problem\3_Problem.csproj", "{331A945A-085E-4553-8122-094DC29044DC}"
EndProject
Project("{FAE04EC0-301F-11D3-BF4B-00C04F79EFBC}") = "4_Problem", "4_Problem\4_Problem.csproj", "{07A95340-3DFC-4D10-BBCE-97BBC6EB9279}"
EndProject
Project("{FAE04EC0-301F-11D3-BF4B-00C04F79EFBC}") = "5_Problem", "5_Problem\5_Problem.csproj", "{0C031FFA-8CA9-43B5-8F0C-793EA32ED78F}"
EndProject
Project("{FAE04EC0-301F-11D3-BF4B-00C04F79EFBC}") = "6_Problem", "6_Problem\6_Problem.csproj", "{EB9C5859-7599-4AFF-A8DA-8F438C98DD2C}"
EndProject
Project("{FAE04EC0-301F-11D3-BF4B-00C04F79EFBC}") = "7_Problem", "7_Problem\7_Problem.csproj", "{7E6315CA-F70D-4A78-8315-838408D5E594}"
EndProject
Project("{FAE04EC0-301F-11D3-BF4B-00C04F79EFBC}") = "8_Problem", "8_Problem\8_Problem.csproj", "{C90F2CB6-A45A-4AE1-8C0C-90256ED20FBE}"
EndProject
Project("{FAE04EC0-301F-11D3-BF4B-00C04F79EFBC}") = "9_Problem", "9_Problem\9_Problem.csproj", "{C32E8F09-3192-4913-9ED2-D49E9E577D5D}"
EndProject
Project("{FAE04EC0-301F-11D3-BF4B-00C04F79EFBC}") = "10_Problem", "10_Problem\10_Problem.csproj", "{B062522D-C48A-48BA-A1CB-11D11F23DDC2}"
EndProject
Global
	GlobalSection(SolutionConfigurationPlatforms) = preSolution
		Debug|Any CPU = Debug|Any CPU
		Release|Any CPU = Release|Any CPU
	EndGlobalSection
	GlobalSection(SolutionProperties) = preSolution
		HideSolutionNode = FALSE
	EndGlobalSection
	GlobalSection(ProjectConfigurationPlatforms) = postSolution
		{E6E9EED5-B6CD-4654-A53B-38C4A6412AF8}.Debug|Any CPU.ActiveCfg = Debug|Any CPU
		{E6E9EED5-B6CD-4654-A53B-38C4A6412AF8}.Debug|Any CPU.Build.0 = Debug|Any CPU
		{E6E9EED5-B6CD-4654-A53B-38C4A6412AF8}.Release|Any CPU.ActiveCfg = Release|Any CPU
		{E6E9EED5-B6CD-4654-A53B-38C4A6412AF8}.Release|Any CPU.Build.0 = Release|Any CPU
		{09EAFA9A-7E1A-4B51-A5B2-849EE341E4B7}.Debug|Any CPU.ActiveCfg = Debug|Any CPU
		{09EAFA9A-7E1A-4B51-A5B2-849EE341E4B7}.Debug|Any CPU.Build.0 = Debug|Any CPU
		{09EAFA9A-7E1A-4B51-A5B2-849EE341E4B7}.Release|Any CPU.ActiveCfg = Release|Any CPU
		{09EAFA9A-7E1A-4B51-A5B2-849EE341E4B7}.Release|Any CPU.Build.0 = Release|Any CPU
		{331A945A-085E-4553-8122-094DC29044DC}.Debug|Any CPU.ActiveCfg = Debug|Any CPU
		{331A945A-085E-4553-8122-094DC29044DC}.Debug|Any CPU.Build.0 = Debug|Any CPU
		{331A945A-085E-4553-8122-094DC29044DC}.Release|Any CPU.ActiveCfg = Release|Any CPU
		{331A945A-085E-4553-8122-094DC29044DC}.Release|Any CPU.Build.0 = Release|Any CPU
		{07A95340-3DFC-4D10-BBCE-97BBC6EB9279}.Debug|Any CPU.ActiveCfg = Debug|Any CPU
		{07A95340-3DFC-4D10-BBCE-97BBC6EB9279}.Debug|Any CPU.Build.0 = Debug|Any CPU
		{07A95340-3DFC-4D10-BBCE-97BBC6EB9279}.Release|Any CPU.ActiveCfg = Release|Any CPU
		{07A95340-3DFC-4D10-BBCE-97BBC6EB9279}.Release|Any CPU.Build.0 = Release|Any CPU
		{0C031FFA-8CA9-43B5-8F0C-793EA32ED78F}.Debug|Any CPU.ActiveCfg = Debug|Any CPU
		{0C031FFA-8CA9-43B5-8F0C-793EA32ED78F}.Debug|Any CPU.Build.0 = Debug|Any CPU
		{0C031FFA-8CA9-43B5-8F0C-793EA32ED78F}.Release|Any CPU.ActiveCfg = Release|Any CPU
		{0C031FFA-8CA9-43B5-8F0C-793EA32ED78F}.Release|Any CPU.Build.0 = Release|Any CPU
		{EB9C5859-7599-4AFF-A8DA-8F438C98DD2C}.Debug|Any CPU.ActiveCfg = Debug|Any CPU
		{EB9C5859-7599-4AFF-A8DA-8F438C98DD2C}.Debug|Any CPU.Build.0 = Debug|Any CPU
		{EB9C5859-7599-4AFF-A8DA-8F438C98DD2C}.Release|Any CPU.ActiveCfg = Release|Any CPU
		{EB9C5859-7599-4AFF-A8DA-8F438C98DD2C}.Release|Any CPU.Build.0 = Release|Any CPU
		{7E6315CA-F70D-4A78-8315-838408D5E594}.Debug|Any CPU.ActiveCfg = Debug|Any CPU
		{7E6315CA-F70D-4A78-8315-838408D5E594}.Debug|Any CPU.Build.0 = Debug|Any CPU
		{7E6315CA-F70D-4A78-8315-838408D5E594}.Release|Any CPU.ActiveCfg = Release|Any CPU
		{7E6315CA-F70D-4A78-8315-838408D5E594}.Release|Any CPU.Build.0 = Release|Any CPU
		{C90F2CB6-A45A-4AE1-8C0C-90256ED20FBE}.Debug|Any CPU.ActiveCfg = Debug|Any CPU
		{C90F2CB6-A45A-4AE1-8C0C-90256ED20FBE}.Debug|Any CPU.Build.0 = Debug|Any CPU
		{C90F2CB6-A45A-4AE1-8C0C-90256ED20FBE}.Release|Any CPU.ActiveCfg = Release|Any CPU
		{C90F2CB6-A45A-4AE1-8C0C-90256ED20FBE}.Release|Any CPU.Build.0 = Release|Any CPU
		{C32E8F09-3192-4913-9ED2-D49E9E577D5D}.Debug|Any CPU.ActiveCfg = Debug|Any CPU
		{C32E8F09-3192-4913-9ED2-D49E9E577D5D}.Debug|Any CPU.Build.0 = Debug|Any CPU
		{C32E8F09-3192-4913-9ED2-D49E9E577D5D}.Release|Any CPU.ActiveCfg = Release|Any CPU
		{C32E8F09-3192-4913-9ED2-D49E9E577D5D}.Release|Any CPU.Build.0 = Release|Any CPU
		{B062522D-C48A-48BA-A1CB-11D11F23DDC2}.Debug|Any CPU.ActiveCfg = Debug|Any CPU
		{B062522D-C48A-48BA-A1CB-11D11F23DDC2}.Debug|Any CPU.Build.0 = Debug|Any CPU
		{B062522D-C48A-48BA-A1CB-11D11F23DDC2}.Release|Any CPU.ActiveCfg = Release|Any CPU
		{B062522D-C48A-48BA-A1CB-11D11F23DDC2}.Release|Any CPU.Build.0 = Release|Any CPU
	EndGlobalSection
EndGlobal
