
Microsoft Visual Studio Solution File, Format Version 12.00
# Visual Studio Version 16
VisualStudioVersion = 16.0.30114.105
MinimumVisualStudioVersion = 10.0.40219.1
Project("{FAE04EC0-301F-11D3-BF4B-00C04F79EFBC}") = "1_Problem", "1_Problem\1_Problem.csproj", "{F7EB4EDF-CDCD-426E-892A-76B8AF9C0DD4}"
EndProject
Project("{FAE04EC0-301F-11D3-BF4B-00C04F79EFBC}") = "2_Problem", "2_Problem\2_Problem.csproj", "{E5132FDC-81F8-47C4-A3AD-1E16FB18EAD4}"
EndProject
Project("{FAE04EC0-301F-11D3-BF4B-00C04F79EFBC}") = "3_Problem", "3_Problem\3_Problem.csproj", "{8C5303B8-909A-4F48-A208-1F55BE985489}"
EndProject
Project("{FAE04EC0-301F-11D3-BF4B-00C04F79EFBC}") = "4_Problem", "4_Problem\4_Problem.csproj", "{BDF33936-A140-4A51-B2EF-79902CFE2726}"
EndProject
Project("{FAE04EC0-301F-11D3-BF4B-00C04F79EFBC}") = "5_Problem", "5_Problem\5_Problem.csproj", "{76231C07-3A83-4799-9CB9-4C98DEB776B6}"
EndProject
Global
	GlobalSection(SolutionConfigurationPlatforms) = preSolution
		Debug|Any CPU = Debug|Any CPU
		Release|Any CPU = Release|Any CPU
	EndGlobalSection
	GlobalSection(SolutionProperties) = preSolution
		HideSolutionNode = FALSE
	EndGlobalSection
	GlobalSection(ProjectConfigurationPlatforms) = postSolution
		{F7EB4EDF-CDCD-426E-892A-76B8AF9C0DD4}.Debug|Any CPU.ActiveCfg = Debug|Any CPU
		{F7EB4EDF-CDCD-426E-892A-76B8AF9C0DD4}.Debug|Any CPU.Build.0 = Debug|Any CPU
		{F7EB4EDF-CDCD-426E-892A-76B8AF9C0DD4}.Release|Any CPU.ActiveCfg = Release|Any CPU
		{F7EB4EDF-CDCD-426E-892A-76B8AF9C0DD4}.Release|Any CPU.Build.0 = Release|Any CPU
		{E5132FDC-81F8-47C4-A3AD-1E16FB18EAD4}.Debug|Any CPU.ActiveCfg = Debug|Any CPU
		{E5132FDC-81F8-47C4-A3AD-1E16FB18EAD4}.Debug|Any CPU.Build.0 = Debug|Any CPU
		{E5132FDC-81F8-47C4-A3AD-1E16FB18EAD4}.Release|Any CPU.ActiveCfg = Release|Any CPU
		{E5132FDC-81F8-47C4-A3AD-1E16FB18EAD4}.Release|Any CPU.Build.0 = Release|Any CPU
		{8C5303B8-909A-4F48-A208-1F55BE985489}.Debug|Any CPU.ActiveCfg = Debug|Any CPU
		{8C5303B8-909A-4F48-A208-1F55BE985489}.Debug|Any CPU.Build.0 = Debug|Any CPU
		{8C5303B8-909A-4F48-A208-1F55BE985489}.Release|Any CPU.ActiveCfg = Release|Any CPU
		{8C5303B8-909A-4F48-A208-1F55BE985489}.Release|Any CPU.Build.0 = Release|Any CPU
		{BDF33936-A140-4A51-B2EF-79902CFE2726}.Debug|Any CPU.ActiveCfg = Debug|Any CPU
		{BDF33936-A140-4A51-B2EF-79902CFE2726}.Debug|Any CPU.Build.0 = Debug|Any CPU
		{BDF33936-A140-4A51-B2EF-79902CFE2726}.Release|Any CPU.ActiveCfg = Release|Any CPU
		{BDF33936-A140-4A51-B2EF-79902CFE2726}.Release|Any CPU.Build.0 = Release|Any CPU
		{76231C07-3A83-4799-9CB9-4C98DEB776B6}.Debug|Any CPU.ActiveCfg = Debug|Any CPU
		{76231C07-3A83-4799-9CB9-4C98DEB776B6}.Debug|Any CPU.Build.0 = Debug|Any CPU
		{76231C07-3A83-4799-9CB9-4C98DEB776B6}.Release|Any CPU.ActiveCfg = Release|Any CPU
		{76231C07-3A83-4799-9CB9-4C98DEB776B6}.Release|Any CPU.Build.0 = Release|Any CPU
	EndGlobalSection
EndGlobal
